
Microsoft Visual Studio Solution File, Format Version 12.00
# Visual Studio Version 17
VisualStudioVersion = 17.8.34330.188
MinimumVisualStudioVersion = 10.0.40219.1
Project("{C7167F0D-BC9F-4E6E-AFE1-012C56B48DB5}") = "BillingSoftware.Packaging", "BillingSoftware.Packaging\BillingSoftware.Packaging.wapproj", "{E90D3291-14D0-4F66-A255-F6245A728B7A}"
EndProject
Project("{9A19103F-16F7-4668-BE54-9A1E7A4F7556}") = "BillingSoftware", "BillingSoftware\BillingSoftware.csproj", "{BD73F339-056C-47A8-963A-C35082DB1DCE}"
EndProject
Project("{9A19103F-16F7-4668-BE54-9A1E7A4F7556}") = "BillingSoftware.Core", "BillingSoftware.Core\BillingSoftware.Core.csproj", "{1E680A37-49C3-4DCE-AA2A-FB59001DE76A}"
EndProject
Project("{FAE04EC0-301F-11D3-BF4B-00C04F79EFBC}") = "BillingSoftware.Repository", "BillingSoftware.Repository\BillingSoftware.Repository.csproj", "{C2331254-85BF-42BD-A496-5571FF4055D3}"
EndProject
Project("{FAE04EC0-301F-11D3-BF4B-00C04F79EFBC}") = "BillingSoftware.Domain", "BillingSoftware.Domain\BillingSoftware.Domain.csproj", "{208F4791-19AB-4D8A-97EA-C79DAF9D1E08}"
EndProject
Global
	GlobalSection(SolutionConfigurationPlatforms) = preSolution
		Debug|Any CPU = Debug|Any CPU
		Debug|ARM = Debug|ARM
		Debug|ARM64 = Debug|ARM64
		Debug|x64 = Debug|x64
		Debug|x86 = Debug|x86
		Release|Any CPU = Release|Any CPU
		Release|ARM = Release|ARM
		Release|ARM64 = Release|ARM64
		Release|x64 = Release|x64
		Release|x86 = Release|x86
	EndGlobalSection
	GlobalSection(ProjectConfigurationPlatforms) = postSolution
		{E90D3291-14D0-4F66-A255-F6245A728B7A}.Debug|Any CPU.ActiveCfg = Debug|x64
		{E90D3291-14D0-4F66-A255-F6245A728B7A}.Debug|Any CPU.Build.0 = Debug|x64
		{E90D3291-14D0-4F66-A255-F6245A728B7A}.Debug|Any CPU.Deploy.0 = Debug|x64
		{E90D3291-14D0-4F66-A255-F6245A728B7A}.Debug|ARM.ActiveCfg = Debug|ARM
		{E90D3291-14D0-4F66-A255-F6245A728B7A}.Debug|ARM.Build.0 = Debug|ARM
		{E90D3291-14D0-4F66-A255-F6245A728B7A}.Debug|ARM.Deploy.0 = Debug|ARM
		{E90D3291-14D0-4F66-A255-F6245A728B7A}.Debug|ARM64.ActiveCfg = Debug|ARM64
		{E90D3291-14D0-4F66-A255-F6245A728B7A}.Debug|ARM64.Build.0 = Debug|ARM64
		{E90D3291-14D0-4F66-A255-F6245A728B7A}.Debug|ARM64.Deploy.0 = Debug|ARM64
		{E90D3291-14D0-4F66-A255-F6245A728B7A}.Debug|x64.ActiveCfg = Debug|x64
		{E90D3291-14D0-4F66-A255-F6245A728B7A}.Debug|x64.Build.0 = Debug|x64
		{E90D3291-14D0-4F66-A255-F6245A728B7A}.Debug|x64.Deploy.0 = Debug|x64
		{E90D3291-14D0-4F66-A255-F6245A728B7A}.Debug|x86.ActiveCfg = Debug|x86
		{E90D3291-14D0-4F66-A255-F6245A728B7A}.Debug|x86.Build.0 = Debug|x86
		{E90D3291-14D0-4F66-A255-F6245A728B7A}.Debug|x86.Deploy.0 = Debug|x86
		{E90D3291-14D0-4F66-A255-F6245A728B7A}.Release|Any CPU.ActiveCfg = Release|x64
		{E90D3291-14D0-4F66-A255-F6245A728B7A}.Release|Any CPU.Build.0 = Release|x64
		{E90D3291-14D0-4F66-A255-F6245A728B7A}.Release|Any CPU.Deploy.0 = Release|x64
		{E90D3291-14D0-4F66-A255-F6245A728B7A}.Release|ARM.ActiveCfg = Release|ARM
		{E90D3291-14D0-4F66-A255-F6245A728B7A}.Release|ARM.Build.0 = Release|ARM
		{E90D3291-14D0-4F66-A255-F6245A728B7A}.Release|ARM.Deploy.0 = Release|ARM
		{E90D3291-14D0-4F66-A255-F6245A728B7A}.Release|ARM64.ActiveCfg = Release|ARM64
		{E90D3291-14D0-4F66-A255-F6245A728B7A}.Release|ARM64.Build.0 = Release|ARM64
		{E90D3291-14D0-4F66-A255-F6245A728B7A}.Release|ARM64.Deploy.0 = Release|ARM64
		{E90D3291-14D0-4F66-A255-F6245A728B7A}.Release|x64.ActiveCfg = Release|x64
		{E90D3291-14D0-4F66-A255-F6245A728B7A}.Release|x64.Build.0 = Release|x64
		{E90D3291-14D0-4F66-A255-F6245A728B7A}.Release|x64.Deploy.0 = Release|x64
		{E90D3291-14D0-4F66-A255-F6245A728B7A}.Release|x86.ActiveCfg = Release|x86
		{E90D3291-14D0-4F66-A255-F6245A728B7A}.Release|x86.Build.0 = Release|x86
		{E90D3291-14D0-4F66-A255-F6245A728B7A}.Release|x86.Deploy.0 = Release|x86
		{BD73F339-056C-47A8-963A-C35082DB1DCE}.Debug|Any CPU.ActiveCfg = Debug|x64
		{BD73F339-056C-47A8-963A-C35082DB1DCE}.Debug|Any CPU.Build.0 = Debug|x64
		{BD73F339-056C-47A8-963A-C35082DB1DCE}.Debug|ARM.ActiveCfg = Debug|x64
		{BD73F339-056C-47A8-963A-C35082DB1DCE}.Debug|ARM.Build.0 = Debug|x64
		{BD73F339-056C-47A8-963A-C35082DB1DCE}.Debug|ARM64.ActiveCfg = Debug|x64
		{BD73F339-056C-47A8-963A-C35082DB1DCE}.Debug|ARM64.Build.0 = Debug|x64
		{BD73F339-056C-47A8-963A-C35082DB1DCE}.Debug|x64.ActiveCfg = Debug|x64
		{BD73F339-056C-47A8-963A-C35082DB1DCE}.Debug|x64.Build.0 = Debug|x64
		{BD73F339-056C-47A8-963A-C35082DB1DCE}.Debug|x86.ActiveCfg = Debug|x86
		{BD73F339-056C-47A8-963A-C35082DB1DCE}.Debug|x86.Build.0 = Debug|x86
		{BD73F339-056C-47A8-963A-C35082DB1DCE}.Release|Any CPU.ActiveCfg = Release|x64
		{BD73F339-056C-47A8-963A-C35082DB1DCE}.Release|Any CPU.Build.0 = Release|x64
		{BD73F339-056C-47A8-963A-C35082DB1DCE}.Release|ARM.ActiveCfg = Release|x64
		{BD73F339-056C-47A8-963A-C35082DB1DCE}.Release|ARM.Build.0 = Release|x64
		{BD73F339-056C-47A8-963A-C35082DB1DCE}.Release|ARM64.ActiveCfg = Release|x64
		{BD73F339-056C-47A8-963A-C35082DB1DCE}.Release|ARM64.Build.0 = Release|x64
		{BD73F339-056C-47A8-963A-C35082DB1DCE}.Release|x64.ActiveCfg = Release|x64
		{BD73F339-056C-47A8-963A-C35082DB1DCE}.Release|x64.Build.0 = Release|x64
		{BD73F339-056C-47A8-963A-C35082DB1DCE}.Release|x86.ActiveCfg = Release|x86
		{BD73F339-056C-47A8-963A-C35082DB1DCE}.Release|x86.Build.0 = Release|x86
		{1E680A37-49C3-4DCE-AA2A-FB59001DE76A}.Debug|Any CPU.ActiveCfg = Debug|Any CPU
		{1E680A37-49C3-4DCE-AA2A-FB59001DE76A}.Debug|Any CPU.Build.0 = Debug|Any CPU
		{1E680A37-49C3-4DCE-AA2A-FB59001DE76A}.Debug|ARM.ActiveCfg = Debug|Any CPU
		{1E680A37-49C3-4DCE-AA2A-FB59001DE76A}.Debug|ARM.Build.0 = Debug|Any CPU
		{1E680A37-49C3-4DCE-AA2A-FB59001DE76A}.Debug|ARM64.ActiveCfg = Debug|Any CPU
		{1E680A37-49C3-4DCE-AA2A-FB59001DE76A}.Debug|ARM64.Build.0 = Debug|Any CPU
		{1E680A37-49C3-4DCE-AA2A-FB59001DE76A}.Debug|x64.ActiveCfg = Debug|x64
		{1E680A37-49C3-4DCE-AA2A-FB59001DE76A}.Debug|x64.Build.0 = Debug|x64
		{1E680A37-49C3-4DCE-AA2A-FB59001DE76A}.Debug|x86.ActiveCfg = Debug|x86
		{1E680A37-49C3-4DCE-AA2A-FB59001DE76A}.Debug|x86.Build.0 = Debug|x86
		{1E680A37-49C3-4DCE-AA2A-FB59001DE76A}.Release|Any CPU.ActiveCfg = Release|Any CPU
		{1E680A37-49C3-4DCE-AA2A-FB59001DE76A}.Release|Any CPU.Build.0 = Release|Any CPU
		{1E680A37-49C3-4DCE-AA2A-FB59001DE76A}.Release|ARM.ActiveCfg = Release|Any CPU
		{1E680A37-49C3-4DCE-AA2A-FB59001DE76A}.Release|ARM.Build.0 = Release|Any CPU
		{1E680A37-49C3-4DCE-AA2A-FB59001DE76A}.Release|ARM64.ActiveCfg = Release|Any CPU
		{1E680A37-49C3-4DCE-AA2A-FB59001DE76A}.Release|ARM64.Build.0 = Release|Any CPU
		{1E680A37-49C3-4DCE-AA2A-FB59001DE76A}.Release|x64.ActiveCfg = Release|x64
		{1E680A37-49C3-4DCE-AA2A-FB59001DE76A}.Release|x64.Build.0 = Release|x64
		{1E680A37-49C3-4DCE-AA2A-FB59001DE76A}.Release|x86.ActiveCfg = Release|x86
		{1E680A37-49C3-4DCE-AA2A-FB59001DE76A}.Release|x86.Build.0 = Release|x86
		{C2331254-85BF-42BD-A496-5571FF4055D3}.Debug|Any CPU.ActiveCfg = Debug|Any CPU
		{C2331254-85BF-42BD-A496-5571FF4055D3}.Debug|Any CPU.Build.0 = Debug|Any CPU
		{C2331254-85BF-42BD-A496-5571FF4055D3}.Debug|ARM.ActiveCfg = Debug|Any CPU
		{C2331254-85BF-42BD-A496-5571FF4055D3}.Debug|ARM.Build.0 = Debug|Any CPU
		{C2331254-85BF-42BD-A496-5571FF4055D3}.Debug|ARM64.ActiveCfg = Debug|Any CPU
		{C2331254-85BF-42BD-A496-5571FF4055D3}.Debug|ARM64.Build.0 = Debug|Any CPU
		{C2331254-85BF-42BD-A496-5571FF4055D3}.Debug|x64.ActiveCfg = Debug|Any CPU
		{C2331254-85BF-42BD-A496-5571FF4055D3}.Debug|x64.Build.0 = Debug|Any CPU
		{C2331254-85BF-42BD-A496-5571FF4055D3}.Debug|x86.ActiveCfg = Debug|Any CPU
		{C2331254-85BF-42BD-A496-5571FF4055D3}.Debug|x86.Build.0 = Debug|Any CPU
		{C2331254-85BF-42BD-A496-5571FF4055D3}.Release|Any CPU.ActiveCfg = Release|Any CPU
		{C2331254-85BF-42BD-A496-5571FF4055D3}.Release|Any CPU.Build.0 = Release|Any CPU
		{C2331254-85BF-42BD-A496-5571FF4055D3}.Release|ARM.ActiveCfg = Release|Any CPU
		{C2331254-85BF-42BD-A496-5571FF4055D3}.Release|ARM.Build.0 = Release|Any CPU
		{C2331254-85BF-42BD-A496-5571FF4055D3}.Release|ARM64.ActiveCfg = Release|Any CPU
		{C2331254-85BF-42BD-A496-5571FF4055D3}.Release|ARM64.Build.0 = Release|Any CPU
		{C2331254-85BF-42BD-A496-5571FF4055D3}.Release|x64.ActiveCfg = Release|Any CPU
		{C2331254-85BF-42BD-A496-5571FF4055D3}.Release|x64.Build.0 = Release|Any CPU
		{C2331254-85BF-42BD-A496-5571FF4055D3}.Release|x86.ActiveCfg = Release|Any CPU
		{C2331254-85BF-42BD-A496-5571FF4055D3}.Release|x86.Build.0 = Release|Any CPU
		{208F4791-19AB-4D8A-97EA-C79DAF9D1E08}.Debug|Any CPU.ActiveCfg = Debug|Any CPU
		{208F4791-19AB-4D8A-97EA-C79DAF9D1E08}.Debug|Any CPU.Build.0 = Debug|Any CPU
		{208F4791-19AB-4D8A-97EA-C79DAF9D1E08}.Debug|ARM.ActiveCfg = Debug|Any CPU
		{208F4791-19AB-4D8A-97EA-C79DAF9D1E08}.Debug|ARM.Build.0 = Debug|Any CPU
		{208F4791-19AB-4D8A-97EA-C79DAF9D1E08}.Debug|ARM64.ActiveCfg = Debug|Any CPU
		{208F4791-19AB-4D8A-97EA-C79DAF9D1E08}.Debug|ARM64.Build.0 = Debug|Any CPU
		{208F4791-19AB-4D8A-97EA-C79DAF9D1E08}.Debug|x64.ActiveCfg = Debug|Any CPU
		{208F4791-19AB-4D8A-97EA-C79DAF9D1E08}.Debug|x64.Build.0 = Debug|Any CPU
		{208F4791-19AB-4D8A-97EA-C79DAF9D1E08}.Debug|x86.ActiveCfg = Debug|Any CPU
		{208F4791-19AB-4D8A-97EA-C79DAF9D1E08}.Debug|x86.Build.0 = Debug|Any CPU
		{208F4791-19AB-4D8A-97EA-C79DAF9D1E08}.Release|Any CPU.ActiveCfg = Release|Any CPU
		{208F4791-19AB-4D8A-97EA-C79DAF9D1E08}.Release|Any CPU.Build.0 = Release|Any CPU
		{208F4791-19AB-4D8A-97EA-C79DAF9D1E08}.Release|ARM.ActiveCfg = Release|Any CPU
		{208F4791-19AB-4D8A-97EA-C79DAF9D1E08}.Release|ARM.Build.0 = Release|Any CPU
		{208F4791-19AB-4D8A-97EA-C79DAF9D1E08}.Release|ARM64.ActiveCfg = Release|Any CPU
		{208F4791-19AB-4D8A-97EA-C79DAF9D1E08}.Release|ARM64.Build.0 = Release|Any CPU
		{208F4791-19AB-4D8A-97EA-C79DAF9D1E08}.Release|x64.ActiveCfg = Release|Any CPU
		{208F4791-19AB-4D8A-97EA-C79DAF9D1E08}.Release|x64.Build.0 = Release|Any CPU
		{208F4791-19AB-4D8A-97EA-C79DAF9D1E08}.Release|x86.ActiveCfg = Release|Any CPU
		{208F4791-19AB-4D8A-97EA-C79DAF9D1E08}.Release|x86.Build.0 = Release|Any CPU
	EndGlobalSection
	GlobalSection(SolutionProperties) = preSolution
		HideSolutionNode = FALSE
	EndGlobalSection
	GlobalSection(ExtensibilityGlobals) = postSolution
		SolutionGuid = {77F81C20-E8CC-43D0-AC22-65BD740B172B}
	EndGlobalSection
EndGlobal
